
Microsoft Visual Studio Solution File, Format Version 12.00
# Visual Studio Version 17
VisualStudioVersion = 17.5.002.0
MinimumVisualStudioVersion = 10.0.40219.1
Project("{9A19103F-16F7-4668-BE54-9A1E7A4F7556}") = "DistrbuidoraAPI", "DistrbuidoraAPI.csproj", "{21B282B5-1C8D-466F-B686-AEC8953E575F}"
EndProject
Global
	GlobalSection(SolutionConfigurationPlatforms) = preSolution
		Debug|Any CPU = Debug|Any CPU
		Release|Any CPU = Release|Any CPU
	EndGlobalSection
	GlobalSection(ProjectConfigurationPlatforms) = postSolution
		{21B282B5-1C8D-466F-B686-AEC8953E575F}.Debug|Any CPU.ActiveCfg = Debug|Any CPU
		{21B282B5-1C8D-466F-B686-AEC8953E575F}.Debug|Any CPU.Build.0 = Debug|Any CPU
		{21B282B5-1C8D-466F-B686-AEC8953E575F}.Release|Any CPU.ActiveCfg = Release|Any CPU
		{21B282B5-1C8D-466F-B686-AEC8953E575F}.Release|Any CPU.Build.0 = Release|Any CPU
	EndGlobalSection
	GlobalSection(SolutionProperties) = preSolution
		HideSolutionNode = FALSE
	EndGlobalSection
	GlobalSection(ExtensibilityGlobals) = postSolution
		SolutionGuid = {0E24AE2E-5377-4DD5-8323-BEC07C8B130C}
	EndGlobalSection
EndGlobal
